
Microsoft Visual Studio Solution File, Format Version 12.00
# Visual Studio Version 17
VisualStudioVersion = 17.4.33213.308
MinimumVisualStudioVersion = 10.0.40219.1
Project("{FAE04EC0-301F-11D3-BF4B-00C04F79EFBC}") = "ProyectoProgra2", "ProyectoProgra2\ProyectoProgra2.csproj", "{3AB6BF0F-3F9F-4632-86C1-268EF4D4E89E}"
EndProject
Global
	GlobalSection(SolutionConfigurationPlatforms) = preSolution
		Debug|Any CPU = Debug|Any CPU
		Release|Any CPU = Release|Any CPU
	EndGlobalSection
	GlobalSection(ProjectConfigurationPlatforms) = postSolution
		{3AB6BF0F-3F9F-4632-86C1-268EF4D4E89E}.Debug|Any CPU.ActiveCfg = Debug|Any CPU
		{3AB6BF0F-3F9F-4632-86C1-268EF4D4E89E}.Debug|Any CPU.Build.0 = Debug|Any CPU
		{3AB6BF0F-3F9F-4632-86C1-268EF4D4E89E}.Release|Any CPU.ActiveCfg = Release|Any CPU
		{3AB6BF0F-3F9F-4632-86C1-268EF4D4E89E}.Release|Any CPU.Build.0 = Release|Any CPU
	EndGlobalSection
	GlobalSection(SolutionProperties) = preSolution
		HideSolutionNode = FALSE
	EndGlobalSection
	GlobalSection(ExtensibilityGlobals) = postSolution
		SolutionGuid = {133C2FE7-80B8-4DF4-9F00-CC6F2010C068}
	EndGlobalSection
EndGlobal
